// !$*UTF8*$!
{
	archiveVersion = 1;
	classes = {
	};
	objectVersion = 50;
	objects = {

/* Begin PBXBuildFile section */
		2CF6D88C23DA2AF300CA4C77 /* AppDelegate.m in Sources */ = {isa = PBXBuildFile; fileRef = 2CF6D88B23DA2AF300CA4C77 /* AppDelegate.m */; };
		2CF6D88F23DA2AF300CA4C77 /* SceneDelegate.m in Sources */ = {isa = PBXBuildFile; fileRef = 2CF6D88E23DA2AF300CA4C77 /* SceneDelegate.m */; };
		2CF6D89223DA2AF300CA4C77 /* ViewController.m in Sources */ = {isa = PBXBuildFile; fileRef = 2CF6D89123DA2AF300CA4C77 /* ViewController.m */; };
		2CF6D89523DA2AF300CA4C77 /* Main.storyboard in Resources */ = {isa = PBXBuildFile; fileRef = 2CF6D89323DA2AF300CA4C77 /* Main.storyboard */; };
		2CF6D89723DA2AF400CA4C77 /* Assets.xcassets in Resources */ = {isa = PBXBuildFile; fileRef = 2CF6D89623DA2AF400CA4C77 /* Assets.xcassets */; };
		2CF6D89A23DA2AF400CA4C77 /* LaunchScreen.storyboard in Resources */ = {isa = PBXBuildFile; fileRef = 2CF6D89823DA2AF400CA4C77 /* LaunchScreen.storyboard */; };
		2CF6D89D23DA2AF400CA4C77 /* main.m in Sources */ = {isa = PBXBuildFile; fileRef = 2CF6D89C23DA2AF400CA4C77 /* main.m */; };
/* End PBXBuildFile section */

/* Begin PBXFileReference section */
		2CF6D88723DA2AF300CA4C77 /* Aprendiendo-Obj-c.app */ = {isa = PBXFileReference; explicitFileType = wrapper.application; includeInIndex = 0; path = "Aprendiendo-Obj-c.app"; sourceTree = BUILT_PRODUCTS_DIR; };
		2CF6D88A23DA2AF300CA4C77 /* AppDelegate.h */ = {isa = PBXFileReference; lastKnownFileType = sourcecode.c.h; path = AppDelegate.h; sourceTree = "<group>"; };
		2CF6D88B23DA2AF300CA4C77 /* AppDelegate.m */ = {isa = PBXFileReference; lastKnownFileType = sourcecode.c.objc; path = AppDelegate.m; sourceTree = "<group>"; };
		2CF6D88D23DA2AF300CA4C77 /* SceneDelegate.h */ = {isa = PBXFileReference; lastKnownFileType = sourcecode.c.h; path = SceneDelegate.h; sourceTree = "<group>"; };
		2CF6D88E23DA2AF300CA4C77 /* SceneDelegate.m */ = {isa = PBXFileReference; lastKnownFileType = sourcecode.c.objc; path = SceneDelegate.m; sourceTree = "<group>"; };
		2CF6D89023DA2AF300CA4C77 /* ViewController.h */ = {isa = PBXFileReference; lastKnownFileType = sourcecode.c.h; path = ViewController.h; sourceTree = "<group>"; };
		2CF6D89123DA2AF300CA4C77 /* ViewController.m */ = {isa = PBXFileReference; lastKnownFileType = sourcecode.c.objc; path = ViewController.m; sourceTree = "<group>"; };
		2CF6D89423DA2AF300CA4C77 /* Base */ = {isa = PBXFileReference; lastKnownFileType = file.storyboard; name = Base; path = Base.lproj/Main.storyboard; sourceTree = "<group>"; };
		2CF6D89623DA2AF400CA4C77 /* Assets.xcassets */ = {isa = PBXFileReference; lastKnownFileType = folder.assetcatalog; path = Assets.xcassets; sourceTree = "<group>"; };
		2CF6D89923DA2AF400CA4C77 /* Base */ = {isa = PBXFileReference; lastKnownFileType = file.storyboard; name = Base; path = Base.lproj/LaunchScreen.storyboard; sourceTree = "<group>"; };
		2CF6D89B23DA2AF400CA4C77 /* Info.plist */ = {isa = PBXFileReference; lastKnownFileType = text.plist.xml; path = Info.plist; sourceTree = "<group>"; };
		2CF6D89C23DA2AF400CA4C77 /* main.m */ = {isa = PBXFileReference; lastKnownFileType = sourcecode.c.objc; path = main.m; sourceTree = "<group>"; };
/* End PBXFileReference section */

/* Begin PBXFrameworksBuildPhase section */
		2CF6D88423DA2AF300CA4C77 /* Frameworks */ = {
			isa = PBXFrameworksBuildPhase;
			buildActionMask = 2147483647;
			files = (
			);
			runOnlyForDeploymentPostprocessing = 0;
		};
/* End PBXFrameworksBuildPhase section */

/* Begin PBXGroup section */
		2CF6D87E23DA2AF300CA4C77 = {
			isa = PBXGroup;
			children = (
				2CF6D88923DA2AF300CA4C77 /* Aprendiendo-Obj-c */,
				2CF6D88823DA2AF300CA4C77 /* Products */,
			);
			sourceTree = "<group>";
		};
		2CF6D88823DA2AF300CA4C77 /* Products */ = {
			isa = PBXGroup;
			children = (
				2CF6D88723DA2AF300CA4C77 /* Aprendiendo-Obj-c.app */,
			);
			name = Products;
			sourceTree = "<group>";
		};
		2CF6D88923DA2AF300CA4C77 /* Aprendiendo-Obj-c */ = {
			isa = PBXGroup;
			children = (
				2CF6D88A23DA2AF300CA4C77 /* AppDelegate.h */,
				2CF6D88B23DA2AF300CA4C77 /* AppDelegate.m */,
				2CF6D88D23DA2AF300CA4C77 /* SceneDelegate.h */,
				2CF6D88E23DA2AF300CA4C77 /* SceneDelegate.m */,
				2CF6D89023DA2AF300CA4C77 /* ViewController.h */,
				2CF6D89123DA2AF300CA4C77 /* ViewController.m */,
				2CF6D89323DA2AF300CA4C77 /* Main.storyboard */,
				2CF6D89623DA2AF400CA4C77 /* Assets.xcassets */,
				2CF6D89823DA2AF400CA4C77 /* LaunchScreen.storyboard */,
				2CF6D89B23DA2AF400CA4C77 /* Info.plist */,
				2CF6D89C23DA2AF400CA4C77 /* main.m */,
			);
			path = "Aprendiendo-Obj-c";
			sourceTree = "<group>";
		};
/* End PBXGroup section */

/* Begin PBXNativeTarget section */
		2CF6D88623DA2AF300CA4C77 /* Aprendiendo-Obj-c */ = {
			isa = PBXNativeTarget;
			buildConfigurationList = 2CF6D8A023DA2AF400CA4C77 /* Build configuration list for PBXNativeTarget "Aprendiendo-Obj-c" */;
			buildPhases = (
				2CF6D88323DA2AF300CA4C77 /* Sources */,
				2CF6D88423DA2AF300CA4C77 /* Frameworks */,
				2CF6D88523DA2AF300CA4C77 /* Resources */,
			);
			buildRules = (
			);
			dependencies = (
			);
			name = "Aprendiendo-Obj-c";
			productName = "Aprendiendo-Obj-c";
			productReference = 2CF6D88723DA2AF300CA4C77 /* Aprendiendo-Obj-c.app */;
			productType = "com.apple.product-type.application";
		};
/* End PBXNativeTarget section */

/* Begin PBXProject section */
		2CF6D87F23DA2AF300CA4C77 /* Project object */ = {
			isa = PBXProject;
			attributes = {
				LastUpgradeCheck = 1130;
				ORGANIZATIONNAME = "Mejia Garcia";
				TargetAttributes = {
					2CF6D88623DA2AF300CA4C77 = {
						CreatedOnToolsVersion = 11.3.1;
					};
				};
			};
			buildConfigurationList = 2CF6D88223DA2AF300CA4C77 /* Build configuration list for PBXProject "Aprendiendo-Obj-c" */;
			compatibilityVersion = "Xcode 9.3";
			developmentRegion = en;
			hasScannedForEncodings = 0;
			knownRegions = (
				en,
				Base,
			);
			mainGroup = 2CF6D87E23DA2AF300CA4C77;
			productRefGroup = 2CF6D88823DA2AF300CA4C77 /* Products */;
			projectDirPath = "";
			projectRoot = "";
			targets = (
				2CF6D88623DA2AF300CA4C77 /* Aprendiendo-Obj-c */,
			);
		};
/* End PBXProject section */

/* Begin PBXResourcesBuildPhase section */
		2CF6D88523DA2AF300CA4C77 /* Resources */ = {
			isa = PBXResourcesBuildPhase;
			buildActionMask = 2147483647;
			files = (
				2CF6D89A23DA2AF400CA4C77 /* LaunchScreen.storyboard in Resources */,
				2CF6D89723DA2AF400CA4C77 /* Assets.xcassets in Resources */,
				2CF6D89523DA2AF300CA4C77 /* Main.storyboard in Resources */,
			);
			runOnlyForDeploymentPostprocessing = 0;
		};
/* End PBXResourcesBuildPhase section */

/* Begin PBXSourcesBuildPhase section */
		2CF6D88323DA2AF300CA4C77 /* Sources */ = {
			isa = PBXSourcesBuildPhase;
			buildActionMask = 2147483647;
			files = (
				2CF6D89223DA2AF300CA4C77 /* ViewController.m in Sources */,
				2CF6D88C23DA2AF300CA4C77 /* AppDelegate.m in Sources */,
				2CF6D89D23DA2AF400CA4C77 /* main.m in Sources */,
				2CF6D88F23DA2AF300CA4C77 /* SceneDelegate.m in Sources */,
			);
			runOnlyForDeploymentPostprocessing = 0;
		};
/* End PBXSourcesBuildPhase section */

/* Begin PBXVariantGroup section */
		2CF6D89323DA2AF300CA4C77 /* Main.storyboard */ = {
			isa = PBXVariantGroup;
			children = (
				2CF6D89423DA2AF300CA4C77 /* Base */,
			);
			name = Main.storyboard;
			sourceTree = "<group>";
		};
		2CF6D89823DA2AF400CA4C77 /* LaunchScreen.storyboard */ = {
			isa = PBXVariantGroup;
			children = (
				2CF6D89923DA2AF400CA4C77 /* Base */,
			);
			name = LaunchScreen.storyboard;
			sourceTree = "<group>";
		};
/* End PBXVariantGroup section */

/* Begin XCBuildConfiguration section */
		2CF6D89E23DA2AF400CA4C77 /* Debug */ = {
			isa = XCBuildConfiguration;
			buildSettings = {
				ALWAYS_SEARCH_USER_PATHS = NO;
				CLANG_ANALYZER_NONNULL = YES;
				CLANG_ANALYZER_NUMBER_OBJECT_CONVERSION = YES_AGGRESSIVE;
				CLANG_CXX_LANGUAGE_STANDARD = "gnu++14";
				CLANG_CXX_LIBRARY = "libc++";
				CLANG_ENABLE_MODULES = YES;
				CLANG_ENABLE_OBJC_ARC = YES;
				CLANG_ENABLE_OBJC_WEAK = YES;
				CLANG_WARN_BLOCK_CAPTURE_AUTORELEASING = YES;
				CLANG_WARN_BOOL_CONVERSION = YES;
				CLANG_WARN_COMMA = YES;
				CLANG_WARN_CONSTANT_CONVERSION = YES;
				CLANG_WARN_DEPRECATED_OBJC_IMPLEMENTATIONS = YES;
				CLANG_WARN_DIRECT_OBJC_ISA_USAGE = YES_ERROR;
				CLANG_WARN_DOCUMENTATION_COMMENTS = YES;
				CLANG_WARN_EMPTY_BODY = YES;
				CLANG_WARN_ENUM_CONVERSION = YES;
				CLANG_WARN_INFINITE_RECURSION = YES;
				CLANG_WARN_INT_CONVERSION = YES;
				CLANG_WARN_NON_LITERAL_NULL_CONVERSION = YES;
				CLANG_WARN_OBJC_IMPLICIT_RETAIN_SELF = YES;
				CLANG_WARN_OBJC_LITERAL_CONVERSION = YES;
				CLANG_WARN_OBJC_ROOT_CLASS = YES_ERROR;
				CLANG_WARN_RANGE_LOOP_ANALYSIS = YES;
				CLANG_WARN_STRICT_PROTOTYPES = YES;
				CLANG_WARN_SUSPICIOUS_MOVE = YES;
				CLANG_WARN_UNGUARDED_AVAILABILITY = YES_AGGRESSIVE;
				CLANG_WARN_UNREACHABLE_CODE = YES;
				CLANG_WARN__DUPLICATE_METHOD_MATCH = YES;
				COPY_PHASE_STRIP = NO;
				DEBUG_INFORMATION_FORMAT = dwarf;
				ENABLE_STRICT_OBJC_MSGSEND = YES;
				ENABLE_TESTABILITY = YES;
				GCC_C_LANGUAGE_STANDARD = gnu11;
				GCC_DYNAMIC_NO_PIC = NO;
				GCC_NO_COMMON_BLOCKS = YES;
				GCC_OPTIMIZATION_LEVEL = 0;
				GCC_PREPROCESSOR_DEFINITIONS = (
					"DEBUG=1",
					"$(inherited)",
				);
				GCC_WARN_64_TO_32_BIT_CONVERSION = YES;
				GCC_WARN_ABOUT_RETURN_TYPE = YES_ERROR;
				GCC_WARN_UNDECLARED_SELECTOR = YES;
				GCC_WARN_UNINITIALIZED_AUTOS = YES_AGGRESSIVE;
				GCC_WARN_UNUSED_FUNCTION = YES;
				GCC_WARN_UNUSED_VARIABLE = YES;
				IPHONEOS_DEPLOYMENT_TARGET = 13.2;
				MTL_ENABLE_DEBUG_INFO = INCLUDE_SOURCE;
				MTL_FAST_MATH = YES;
				ONLY_ACTIVE_ARCH = YES;
				SDKROOT = iphoneos;
			};
			name = Debug;
		};
		2CF6D89F23DA2AF400CA4C77 /* Release */ = {
			isa = XCBuildConfiguration;
			buildSettings = {
				ALWAYS_SEARCH_USER_PATHS = NO;
				CLANG_ANALYZER_NONNULL = YES;
				CLANG_ANALYZER_NUMBER_OBJECT_CONVERSION = YES_AGGRESSIVE;
				CLANG_CXX_LANGUAGE_STANDARD = "gnu++14";
				CLANG_CXX_LIBRARY = "libc++";
				CLANG_ENABLE_MODULES = YES;
				CLANG_ENABLE_OBJC_ARC = YES;
				CLANG_ENABLE_OBJC_WEAK = YES;
				CLANG_WARN_BLOCK_CAPTURE_AUTORELEASING = YES;
				CLANG_WARN_BOOL_CONVERSION = YES;
				CLANG_WARN_COMMA = YES;
				CLANG_WARN_CONSTANT_CONVERSION = YES;
				CLANG_WARN_DEPRECATED_OBJC_IMPLEMENTATIONS = YES;
				CLANG_WARN_DIRECT_OBJC_ISA_USAGE = YES_ERROR;
				CLANG_WARN_DOCUMENTATION_COMMENTS = YES;
				CLANG_WARN_EMPTY_BODY = YES;
				CLANG_WARN_ENUM_CONVERSION = YES;
				CLANG_WARN_INFINITE_RECURSION = YES;
				CLANG_WARN_INT_CONVERSION = YES;
				CLANG_WARN_NON_LITERAL_NULL_CONVERSION = YES;
				CLANG_WARN_OBJC_IMPLICIT_RETAIN_SELF = YES;
				CLANG_WARN_OBJC_LITERAL_CONVERSION = YES;
				CLANG_WARN_OBJC_ROOT_CLASS = YES_ERROR;
				CLANG_WARN_RANGE_LOOP_ANALYSIS = YES;
				CLANG_WARN_STRICT_PROTOTYPES = YES;
				CLANG_WARN_SUSPICIOUS_MOVE = YES;
				CLANG_WARN_UNGUARDED_AVAILABILITY = YES_AGGRESSIVE;
				CLANG_WARN_UNREACHABLE_CODE = YES;
				CLANG_WARN__DUPLICATE_METHOD_MATCH = YES;
				COPY_PHASE_STRIP = NO;
				DEBUG_INFORMATION_FORMAT = "dwarf-with-dsym";
				ENABLE_NS_ASSERTIONS = NO;
				ENABLE_STRICT_OBJC_MSGSEND = YES;
				GCC_C_LANGUAGE_STANDARD = gnu11;
				GCC_NO_COMMON_BLOCKS = YES;
				GCC_WARN_64_TO_32_BIT_CONVERSION = YES;
				GCC_WARN_ABOUT_RETURN_TYPE = YES_ERROR;
				GCC_WARN_UNDECLARED_SELECTOR = YES;
				GCC_WARN_UNINITIALIZED_AUTOS = YES_AGGRESSIVE;
				GCC_WARN_UNUSED_FUNCTION = YES;
				GCC_WARN_UNUSED_VARIABLE = YES;
				IPHONEOS_DEPLOYMENT_TARGET = 13.2;
				MTL_ENABLE_DEBUG_INFO = NO;
				MTL_FAST_MATH = YES;
				SDKROOT = iphoneos;
				VALIDATE_PRODUCT = YES;
			};
			name = Release;
		};
		2CF6D8A123DA2AF400CA4C77 /* Debug */ = {
			isa = XCBuildConfiguration;
			buildSettings = {
				ASSETCATALOG_COMPILER_APPICON_NAME = AppIcon;
				CODE_SIGN_STYLE = Automatic;
				INFOPLIST_FILE = "Aprendiendo-Obj-c/Info.plist";
				LD_RUNPATH_SEARCH_PATHS = (
					"$(inherited)",
					"@executable_path/Frameworks",
				);
				PRODUCT_BUNDLE_IDENTIFIER = "com.mejiagarcia.Aprendiendo-Obj-c";
				PRODUCT_NAME = "$(TARGET_NAME)";
				TARGETED_DEVICE_FAMILY = "1,2";
			};
			name = Debug;
		};
		2CF6D8A223DA2AF400CA4C77 /* Release */ = {
			isa = XCBuildConfiguration;
			buildSettings = {
				ASSETCATALOG_COMPILER_APPICON_NAME = AppIcon;
				CODE_SIGN_STYLE = Automatic;
				INFOPLIST_FILE = "Aprendiendo-Obj-c/Info.plist";
				LD_RUNPATH_SEARCH_PATHS = (
					"$(inherited)",
					"@executable_path/Frameworks",
				);
				PRODUCT_BUNDLE_IDENTIFIER = "com.mejiagarcia.Aprendiendo-Obj-c";
				PRODUCT_NAME = "$(TARGET_NAME)";
				TARGETED_DEVICE_FAMILY = "1,2";
			};
			name = Release;
		};
/* End XCBuildConfiguration section */

/* Begin XCConfigurationList section */
		2CF6D88223DA2AF300CA4C77 /* Build configuration list for PBXProject "Aprendiendo-Obj-c" */ = {
			isa = XCConfigurationList;
			buildConfigurations = (
				2CF6D89E23DA2AF400CA4C77 /* Debug */,
				2CF6D89F23DA2AF400CA4C77 /* Release */,
			);
			defaultConfigurationIsVisible = 0;
			defaultConfigurationName = Release;
		};
		2CF6D8A023DA2AF400CA4C77 /* Build configuration list for PBXNativeTarget "Aprendiendo-Obj-c" */ = {
			isa = XCConfigurationList;
			buildConfigurations = (
				2CF6D8A123DA2AF400CA4C77 /* Debug */,
				2CF6D8A223DA2AF400CA4C77 /* Release */,
			);
			defaultConfigurationIsVisible = 0;
			defaultConfigurationName = Release;
		};
/* End XCConfigurationList section */
	};
	rootObject = 2CF6D87F23DA2AF300CA4C77 /* Project object */;
}
